
Microsoft Visual Studio Solution File, Format Version 12.00
# Visual Studio Version 17
VisualStudioVersion = 17.3.32825.248
MinimumVisualStudioVersion = 10.0.40219.1
Project("{FAE04EC0-301F-11D3-BF4B-00C04F79EFBC}") = "AspServicesTimelifeApp", "AspServicesTimelifeApp.csproj", "{2DAD211B-F4B6-410B-96B4-DA6F11CE3D93}"
EndProject
Global
	GlobalSection(SolutionConfigurationPlatforms) = preSolution
		Debug|Any CPU = Debug|Any CPU
		Release|Any CPU = Release|Any CPU
	EndGlobalSection
	GlobalSection(ProjectConfigurationPlatforms) = postSolution
		{2DAD211B-F4B6-410B-96B4-DA6F11CE3D93}.Debug|Any CPU.ActiveCfg = Debug|Any CPU
		{2DAD211B-F4B6-410B-96B4-DA6F11CE3D93}.Debug|Any CPU.Build.0 = Debug|Any CPU
		{2DAD211B-F4B6-410B-96B4-DA6F11CE3D93}.Release|Any CPU.ActiveCfg = Release|Any CPU
		{2DAD211B-F4B6-410B-96B4-DA6F11CE3D93}.Release|Any CPU.Build.0 = Release|Any CPU
	EndGlobalSection
	GlobalSection(SolutionProperties) = preSolution
		HideSolutionNode = FALSE
	EndGlobalSection
	GlobalSection(ExtensibilityGlobals) = postSolution
		SolutionGuid = {16275CCE-8241-4890-9CAD-BF75F6B423F0}
	EndGlobalSection
EndGlobal
